
Microsoft Visual Studio Solution File, Format Version 12.00
# Visual Studio Version 17
VisualStudioVersion = 17.14.36221.1 d17.14
MinimumVisualStudioVersion = 10.0.40219.1
Project("{FAE04EC0-301F-11D3-BF4B-00C04F79EFBC}") = "Demo", "Demo\Demo.csproj", "{5E9A8D5D-4160-4576-ACF1-3142FFB8CF4D}"
EndProject
Project("{FAE04EC0-301F-11D3-BF4B-00C04F79EFBC}") = "Assemente", "Assemente\Assemente.csproj", "{38118332-F7AA-4A9D-B717-B7A631D7478C}"
EndProject
Global
	GlobalSection(SolutionConfigurationPlatforms) = preSolution
		Debug|Any CPU = Debug|Any CPU
		Release|Any CPU = Release|Any CPU
	EndGlobalSection
	GlobalSection(ProjectConfigurationPlatforms) = postSolution
		{5E9A8D5D-4160-4576-ACF1-3142FFB8CF4D}.Debug|Any CPU.ActiveCfg = Debug|Any CPU
		{5E9A8D5D-4160-4576-ACF1-3142FFB8CF4D}.Debug|Any CPU.Build.0 = Debug|Any CPU
		{5E9A8D5D-4160-4576-ACF1-3142FFB8CF4D}.Release|Any CPU.ActiveCfg = Release|Any CPU
		{5E9A8D5D-4160-4576-ACF1-3142FFB8CF4D}.Release|Any CPU.Build.0 = Release|Any CPU
		{38118332-F7AA-4A9D-B717-B7A631D7478C}.Debug|Any CPU.ActiveCfg = Debug|Any CPU
		{38118332-F7AA-4A9D-B717-B7A631D7478C}.Debug|Any CPU.Build.0 = Debug|Any CPU
		{38118332-F7AA-4A9D-B717-B7A631D7478C}.Release|Any CPU.ActiveCfg = Release|Any CPU
		{38118332-F7AA-4A9D-B717-B7A631D7478C}.Release|Any CPU.Build.0 = Release|Any CPU
	EndGlobalSection
	GlobalSection(SolutionProperties) = preSolution
		HideSolutionNode = FALSE
	EndGlobalSection
	GlobalSection(ExtensibilityGlobals) = postSolution
		SolutionGuid = {17BDCCE7-B84B-4539-83E0-D9A931E26E1B}
	EndGlobalSection
EndGlobal
